
Microsoft Visual Studio Solution File, Format Version 11.00
# Visual Studio 2010
Project("{FAE04EC0-301F-11D3-BF4B-00C04F79EFBC}") = "SUI", "Assembly-CSharp.csproj", "{00E0FEF0-612C-1E6A-36DB-C6D957F494CB}"
EndProject
Global
	GlobalSection(SolutionConfigurationPlatforms) = preSolution
		Debug|Any CPU = Debug|Any CPU
		Release|Any CPU = Release|Any CPU
	EndGlobalSection
	GlobalSection(ProjectConfigurationPlatforms) = postSolution
		{00E0FEF0-612C-1E6A-36DB-C6D957F494CB}.Debug|Any CPU.ActiveCfg = Debug|Any CPU
		{00E0FEF0-612C-1E6A-36DB-C6D957F494CB}.Debug|Any CPU.Build.0 = Debug|Any CPU
		{00E0FEF0-612C-1E6A-36DB-C6D957F494CB}.Release|Any CPU.ActiveCfg = Release|Any CPU
		{00E0FEF0-612C-1E6A-36DB-C6D957F494CB}.Release|Any CPU.Build.0 = Release|Any CPU
	EndGlobalSection
	GlobalSection(SolutionProperties) = preSolution
		HideSolutionNode = FALSE
	EndGlobalSection
	GlobalSection(MonoDevelopProperties) = preSolution
		StartupItem = Assembly-CSharp.csproj
	EndGlobalSection
EndGlobal
